
Microsoft Visual Studio Solution File, Format Version 12.00
# Visual Studio Version 17
VisualStudioVersion = 17.6.33723.286
MinimumVisualStudioVersion = 10.0.40219.1
Project("{FAE04EC0-301F-11D3-BF4B-00C04F79EFBC}") = "ThreeShapes", "ThreeShapes\ThreeShapes.csproj", "{E8748F38-1621-4BB5-9C18-82A1D845BCB0}"
EndProject
Global
	GlobalSection(SolutionConfigurationPlatforms) = preSolution
		Debug|Any CPU = Debug|Any CPU
		Release|Any CPU = Release|Any CPU
	EndGlobalSection
	GlobalSection(ProjectConfigurationPlatforms) = postSolution
		{E8748F38-1621-4BB5-9C18-82A1D845BCB0}.Debug|Any CPU.ActiveCfg = Debug|Any CPU
		{E8748F38-1621-4BB5-9C18-82A1D845BCB0}.Debug|Any CPU.Build.0 = Debug|Any CPU
		{E8748F38-1621-4BB5-9C18-82A1D845BCB0}.Release|Any CPU.ActiveCfg = Release|Any CPU
		{E8748F38-1621-4BB5-9C18-82A1D845BCB0}.Release|Any CPU.Build.0 = Release|Any CPU
	EndGlobalSection
	GlobalSection(SolutionProperties) = preSolution
		HideSolutionNode = FALSE
	EndGlobalSection
	GlobalSection(ExtensibilityGlobals) = postSolution
		SolutionGuid = {03AA4222-FF1E-4B32-B326-288A066D10E1}
	EndGlobalSection
EndGlobal
